// !$*UTF8*$!
{
	archiveVersion = 1;
	classes = {
	};
	objectVersion = 77;
	objects = {

/* Begin PBXBuildFile section */
		945556E52E648C0F00D53154 /* CoreMIDI.framework in Frameworks */ = {isa = PBXBuildFile; fileRef = 945556E42E648C0F00D53154 /* CoreMIDI.framework */; };
		945556E72E648C1600D53154 /* AudioToolbox.framework in Frameworks */ = {isa = PBXBuildFile; fileRef = 945556E62E648C1600D53154 /* AudioToolbox.framework */; };
/* End PBXBuildFile section */

/* Begin PBXContainerItemProxy section */
		945556B82E6487FD00D53154 /* PBXContainerItemProxy */ = {
			isa = PBXContainerItemProxy;
			containerPortal = 9455569E2E6487F900D53154 /* Project object */;
			proxyType = 1;
			remoteGlobalIDString = 945556A52E6487F900D53154;
							remoteInfo = ChordPlayer;
		};
		945556C22E6487FD00D53154 /* PBXContainerItemProxy */ = {
			isa = PBXContainerItemProxy;
			containerPortal = 9455569E2E6487F900D53154 /* Project object */;
			proxyType = 1;
			remoteGlobalIDString = 945556A52E6487F900D53154;
							remoteInfo = ChordPlayer;
		};
/* End PBXContainerItemProxy section */

/* Begin PBXFileReference section */
		945556A62E6487F900D53154 /* ChordPlayer.app */ = {isa = PBXFileReference; explicitFileType = wrapper.application; includeInIndex = 0; path = ChordPlayer.app; sourceTree = BUILT_PRODUCTS_DIR; };
		945556B72E6487FD00D53154 /* ChordPlayerTests.xctest */ = {isa = PBXFileReference; explicitFileType = wrapper.cfbundle; includeInIndex = 0; path = ChordPlayerTests.xctest; sourceTree = BUILT_PRODUCTS_DIR; };
		945556C12E6487FD00D53154 /* ChordPlayerUITests.xctest */ = {isa = PBXFileReference; explicitFileType = wrapper.cfbundle; includeInIndex = 0; path = ChordPlayerUITests.xctest; sourceTree = BUILT_PRODUCTS_DIR; };
		945556E42E648C0F00D53154 /* CoreMIDI.framework */ = {isa = PBXFileReference; lastKnownFileType = wrapper.framework; name = CoreMIDI.framework; path = System/Library/Frameworks/CoreMIDI.framework; sourceTree = SDKROOT; };
		945556E62E648C1600D53154 /* AudioToolbox.framework */ = {isa = PBXFileReference; lastKnownFileType = wrapper.framework; name = AudioToolbox.framework; path = System/Library/Frameworks/AudioToolbox.framework; sourceTree = SDKROOT; };
/* End PBXFileReference section */

/* Begin PBXFileSystemSynchronizedRootGroup section */
		945556A82E6487F900D53154 /* ChordPlayer */ = {
			isa = PBXFileSystemSynchronizedRootGroup;
							path = ChordPlayer;
			sourceTree = "<group>";
		};
		945556BA2E6487FD00D53154 /* ChordPlayerTests */ = {
			isa = PBXFileSystemSynchronizedRootGroup;
							path = ChordPlayerTests;
			sourceTree = "<group>";
		};
		945556C42E6487FD00D53154 /* ChordPlayerUITests */ = {
			isa = PBXFileSystemSynchronizedRootGroup;
							path = ChordPlayerUITests;
			sourceTree = "<group>";
		};
/* End PBXFileSystemSynchronizedRootGroup section */

/* Begin PBXFrameworksBuildPhase section */
		945556A32E6487F900D53154 /* Frameworks */ = {
			isa = PBXFrameworksBuildPhase;
			buildActionMask = 2147483647;
			files = (
				945556E72E648C1600D53154 /* AudioToolbox.framework in Frameworks */,
				945556E52E648C0F00D53154 /* CoreMIDI.framework in Frameworks */,
			);
			runOnlyForDeploymentPostprocessing = 0;
		};
		945556B42E6487FD00D53154 /* Frameworks */ = {
			isa = PBXFrameworksBuildPhase;
			buildActionMask = 2147483647;
			files = (
			);
			runOnlyForDeploymentPostprocessing = 0;
		};
		945556BE2E6487FD00D53154 /* Frameworks */ = {
			isa = PBXFrameworksBuildPhase;
			buildActionMask = 2147483647;
			files = (
			);
			runOnlyForDeploymentPostprocessing = 0;
		};
/* End PBXFrameworksBuildPhase section */

/* Begin PBXGroup section */
		9455569D2E6487F900D53154 = {
			isa = PBXGroup;
			children = (
				945556A82E6487F900D53154 /* guitarPlayer */,
				945556BA2E6487FD00D53154 /* guitarPlayerTests */,
				945556C42E6487FD00D53154 /* guitarPlayerUITests */,
				945556E32E648C0F00D53154 /* Frameworks */,
				945556A72E6487F900D53154 /* Products */,
			);
			sourceTree = "<group>";
		};
		945556A72E6487F900D53154 /* Products */ = {
			isa = PBXGroup;
			children = (
				945556A62E6487F900D53154 /* guitarPlayer.app */,
				945556B72E6487FD00D53154 /* guitarPlayerTests.xctest */,
				945556C12E6487FD00D53154 /* guitarPlayerUITests.xctest */,
			);
			name = Products;
			sourceTree = "<group>";
		};
		945556E32E648C0F00D53154 /* Frameworks */ = {
			isa = PBXGroup;
			children = (
				945556E62E648C1600D53154 /* AudioToolbox.framework */,
				945556E42E648C0F00D53154 /* CoreMIDI.framework */,
			);
			name = Frameworks;
			sourceTree = "<group>";
		};
/* End PBXGroup section */

/* Begin PBXNativeTarget section */
		945556A52E6487F900D53154 /* guitarPlayer */ = {
			isa = PBXNativeTarget;
							buildConfigurationList = 945556CB2E6487FD00D53154 /* Build configuration list for PBXNativeTarget "ChordPlayer" */;
			buildPhases = (
				945556A22E6487F900D53154 /* Sources */,
				945556A32E6487F900D53154 /* Frameworks */,
				945556A42E6487F900D53154 /* Resources */,
			);
			buildRules = (
			);
			dependencies = (
			);
			fileSystemSynchronizedGroups = (
				945556A82E6487F900D53154 /* guitarPlayer */,
			);
							name = ChordPlayer;
			packageProductDependencies = (
			);
							productName = ChordPlayer;
							productReference = 945556A62E6487F900D53154 /* ChordPlayer.app */;
			productType = "com.apple.product-type.application";
		};
		945556B62E6487FD00D53154 /* guitarPlayerTests */ = {
			isa = PBXNativeTarget;
							buildConfigurationList = 945556CE2E6487FD00D53154 /* Build configuration list for PBXNativeTarget "ChordPlayerTests" */;
			buildPhases = (
				945556B32E6487FD00D53154 /* Sources */,
				945556B42E6487FD00D53154 /* Frameworks */,
				945556B52E6487FD00D53154 /* Resources */,
			);
			buildRules = (
			);
			dependencies = (
				945556B92E6487FD00D53154 /* PBXTargetDependency */,
			);
			fileSystemSynchronizedGroups = (
				945556BA2E6487FD00D53154 /* guitarPlayerTests */,
			);
							name = ChordPlayerTests;
			packageProductDependencies = (
			);
							productName = ChordPlayerTests;
							productReference = 945556B72E6487FD00D53154 /* ChordPlayerTests.xctest */;
			productType = "com.apple.product-type.bundle.unit-test";
		};
		945556C02E6487FD00D53154 /* guitarPlayerUITests */ = {
			isa = PBXNativeTarget;
							buildConfigurationList = 945556D12E6487FD00D53154 /* Build configuration list for PBXNativeTarget "ChordPlayerUITests" */;
			buildPhases = (
				945556BD2E6487FD00D53154 /* Sources */,
				945556BE2E6487FD00D53154 /* Frameworks */,
				945556BF2E6487FD00D53154 /* Resources */,
			);
			buildRules = (
			);
			dependencies = (
				945556C32E6487FD00D53154 /* PBXTargetDependency */,
			);
			fileSystemSynchronizedGroups = (
				945556C42E6487FD00D53154 /* guitarPlayerUITests */,
			);
							name = ChordPlayerUITests;
			packageProductDependencies = (
			);
							productName = ChordPlayerUITests;
							productReference = 945556C12E6487FD00D53154 /* ChordPlayerUITests.xctest */;
			productType = "com.apple.product-type.bundle.ui-testing";
		};
/* End PBXNativeTarget section */

/* Begin PBXProject section */
		9455569E2E6487F900D53154 /* Project object */ = {
			isa = PBXProject;
			attributes = {
				BuildIndependentTargetsInParallel = 1;
				LastSwiftUpdateCheck = 1620;
				LastUpgradeCheck = 1620;
				TargetAttributes = {
					945556A52E6487F900D53154 = {
						CreatedOnToolsVersion = 16.2;
					};
					945556B62E6487FD00D53154 = {
						CreatedOnToolsVersion = 16.2;
						TestTargetID = 945556A52E6487F900D53154;
					};
					945556C02E6487FD00D53154 = {
						CreatedOnToolsVersion = 16.2;
						TestTargetID = 945556A52E6487F900D53154;
					};
				};
			};
							buildConfigurationList = 945556A12E6487F900D53154 /* Build configuration list for PBXProject "ChordPlayer" */;
			developmentRegion = en;
			hasScannedForEncodings = 0;
			knownRegions = (
				en,
				Base,
			);
			mainGroup = 9455569D2E6487F900D53154;
			minimizedProjectReferenceProxies = 1;
			preferredProjectObjectVersion = 77;
			productRefGroup = 945556A72E6487F900D53154 /* Products */;
			projectDirPath = "";
			projectRoot = "";
			targets = (
				945556A52E6487F900D53154 /* guitarPlayer */,
				945556B62E6487FD00D53154 /* guitarPlayerTests */,
				945556C02E6487FD00D53154 /* guitarPlayerUITests */,
			);
		};
/* End PBXProject section */

/* Begin PBXResourcesBuildPhase section */
		945556A42E6487F900D53154 /* Resources */ = {
			isa = PBXResourcesBuildPhase;
			buildActionMask = 2147483647;
			files = (
			);
			runOnlyForDeploymentPostprocessing = 0;
		};
		945556B52E6487FD00D53154 /* Resources */ = {
			isa = PBXResourcesBuildPhase;
			buildActionMask = 2147483647;
			files = (
			);
			runOnlyForDeploymentPostprocessing = 0;
		};
		945556BF2E6487FD00D53154 /* Resources */ = {
			isa = PBXResourcesBuildPhase;
			buildActionMask = 2147483647;
			files = (
			);
			runOnlyForDeploymentPostprocessing = 0;
		};
/* End PBXResourcesBuildPhase section */

/* Begin PBXSourcesBuildPhase section */
		945556A22E6487F900D53154 /* Sources */ = {
			isa = PBXSourcesBuildPhase;
			buildActionMask = 2147483647;
			files = (
			);
			runOnlyForDeploymentPostprocessing = 0;
		};
		945556B32E6487FD00D53154 /* Sources */ = {
			isa = PBXSourcesBuildPhase;
			buildActionMask = 2147483647;
			files = (
			);
			runOnlyForDeploymentPostprocessing = 0;
		};
		945556BD2E6487FD00D53154 /* Sources */ = {
			isa = PBXSourcesBuildPhase;
			buildActionMask = 2147483647;
			files = (
			);
			runOnlyForDeploymentPostprocessing = 0;
		};
/* End PBXSourcesBuildPhase section */

/* Begin PBXTargetDependency section */
		945556B92E6487FD00D53154 /* PBXTargetDependency */ = {
			isa = PBXTargetDependency;
							target = 945556A52E6487F900D53154 /* ChordPlayer */;
			targetProxy = 945556B82E6487FD00D53154 /* PBXContainerItemProxy */;
		};
		945556C32E6487FD00D53154 /* PBXTargetDependency */ = {
			isa = PBXTargetDependency;
							target = 945556A52E6487F900D53154 /* ChordPlayer */;
			targetProxy = 945556C22E6487FD00D53154 /* PBXContainerItemProxy */;
		};
/* End PBXTargetDependency section */

/* Begin XCBuildConfiguration section */
		945556C92E6487FD00D53154 /* Debug */ = {
			isa = XCBuildConfiguration;
			buildSettings = {
				ALWAYS_SEARCH_USER_PATHS = NO;
				ASSETCATALOG_COMPILER_GENERATE_SWIFT_ASSET_SYMBOL_EXTENSIONS = YES;
				CLANG_ANALYZER_NONNULL = YES;
				CLANG_ANALYZER_NUMBER_OBJECT_CONVERSION = YES_AGGRESSIVE;
				CLANG_CXX_LANGUAGE_STANDARD = "gnu++20";
				CLANG_ENABLE_MODULES = YES;
				CLANG_ENABLE_OBJC_ARC = YES;
				CLANG_ENABLE_OBJC_WEAK = YES;
				CLANG_WARN_BLOCK_CAPTURE_AUTORELEASING = YES;
				CLANG_WARN_BOOL_CONVERSION = YES;
				CLANG_WARN_COMMA = YES;
				CLANG_WARN_CONSTANT_CONVERSION = YES;
				CLANG_WARN_DEPRECATED_OBJC_IMPLEMENTATIONS = YES;
				CLANG_WARN_DIRECT_OBJC_ISA_USAGE = YES_ERROR;
				CLANG_WARN_DOCUMENTATION_COMMENTS = YES;
				CLANG_WARN_EMPTY_BODY = YES;
				CLANG_WARN_ENUM_CONVERSION = YES;
				CLANG_WARN_INFINITE_RECURSION = YES;
				CLANG_WARN_INT_CONVERSION = YES;
				CLANG_WARN_NON_LITERAL_NULL_CONVERSION = YES;
				CLANG_WARN_OBJC_IMPLICIT_RETAIN_SELF = YES;
				CLANG_WARN_OBJC_LITERAL_CONVERSION = YES;
				CLANG_WARN_OBJC_ROOT_CLASS = YES_ERROR;
				CLANG_WARN_QUOTED_INCLUDE_IN_FRAMEWORK_HEADER = YES;
				CLANG_WARN_RANGE_LOOP_ANALYSIS = YES;
				CLANG_WARN_STRICT_PROTOTYPES = YES;
				CLANG_WARN_SUSPICIOUS_MOVE = YES;
				CLANG_WARN_UNGUARDED_AVAILABILITY = YES_AGGRESSIVE;
				CLANG_WARN_UNREACHABLE_CODE = YES;
				CLANG_WARN__DUPLICATE_METHOD_MATCH = YES;
				COPY_PHASE_STRIP = NO;
				DEBUG_INFORMATION_FORMAT = dwarf;
				ENABLE_STRICT_OBJC_MSGSEND = YES;
				ENABLE_TESTABILITY = YES;
				ENABLE_USER_SCRIPT_SANDBOXING = YES;
				GCC_C_LANGUAGE_STANDARD = gnu17;
				GCC_DYNAMIC_NO_PIC = NO;
				GCC_NO_COMMON_BLOCKS = YES;
				GCC_OPTIMIZATION_LEVEL = 0;
				GCC_PREPROCESSOR_DEFINITIONS = (
					"DEBUG=1",
					"$(inherited)",
				);
				GCC_WARN_64_TO_32_BIT_CONVERSION = YES;
				GCC_WARN_ABOUT_RETURN_TYPE = YES_ERROR;
				GCC_WARN_UNDECLARED_SELECTOR = YES;
				GCC_WARN_UNINITIALIZED_AUTOS = YES_AGGRESSIVE;
				GCC_WARN_UNUSED_FUNCTION = YES;
				GCC_WARN_UNUSED_VARIABLE = YES;
				LOCALIZATION_PREFERS_STRING_CATALOGS = YES;
				MACOSX_DEPLOYMENT_TARGET = 15.1;
				MTL_ENABLE_DEBUG_INFO = INCLUDE_SOURCE;
				MTL_FAST_MATH = YES;
				ONLY_ACTIVE_ARCH = YES;
				SDKROOT = macosx;
				SWIFT_ACTIVE_COMPILATION_CONDITIONS = "DEBUG $(inherited)";
				SWIFT_OPTIMIZATION_LEVEL = "-Onone";
			};
			name = Debug;
		};
		945556CA2E6487FD00D53154 /* Release */ = {
			isa = XCBuildConfiguration;
			buildSettings = {
				ALWAYS_SEARCH_USER_PATHS = NO;
				ASSETCATALOG_COMPILER_GENERATE_SWIFT_ASSET_SYMBOL_EXTENSIONS = YES;
				CLANG_ANALYZER_NONNULL = YES;
				CLANG_ANALYZER_NUMBER_OBJECT_CONVERSION = YES_AGGRESSIVE;
				CLANG_CXX_LANGUAGE_STANDARD = "gnu++20";
				CLANG_ENABLE_MODULES = YES;
				CLANG_ENABLE_OBJC_ARC = YES;
				CLANG_ENABLE_OBJC_WEAK = YES;
				CLANG_WARN_BLOCK_CAPTURE_AUTORELEASING = YES;
				CLANG_WARN_BOOL_CONVERSION = YES;
				CLANG_WARN_COMMA = YES;
				CLANG_WARN_CONSTANT_CONVERSION = YES;
				CLANG_WARN_DEPRECATED_OBJC_IMPLEMENTATIONS = YES;
				CLANG_WARN_DIRECT_OBJC_ISA_USAGE = YES_ERROR;
				CLANG_WARN_DOCUMENTATION_COMMENTS = YES;
				CLANG_WARN_EMPTY_BODY = YES;
				CLANG_WARN_ENUM_CONVERSION = YES;
				CLANG_WARN_INFINITE_RECURSION = YES;
				CLANG_WARN_INT_CONVERSION = YES;
				CLANG_WARN_NON_LITERAL_NULL_CONVERSION = YES;
				CLANG_WARN_OBJC_IMPLICIT_RETAIN_SELF = YES;
				CLANG_WARN_OBJC_LITERAL_CONVERSION = YES;
				CLANG_WARN_OBJC_ROOT_CLASS = YES_ERROR;
				CLANG_WARN_QUOTED_INCLUDE_IN_FRAMEWORK_HEADER = YES;
				CLANG_WARN_RANGE_LOOP_ANALYSIS = YES;
				CLANG_WARN_STRICT_PROTOTYPES = YES;
				CLANG_WARN_SUSPICIOUS_MOVE = YES;
				CLANG_WARN_UNGUARDED_AVAILABILITY = YES_AGGRESSIVE;
				CLANG_WARN_UNREACHABLE_CODE = YES;
				CLANG_WARN__DUPLICATE_METHOD_MATCH = YES;
				COPY_PHASE_STRIP = NO;
				DEBUG_INFORMATION_FORMAT = "dwarf-with-dsym";
				ENABLE_NS_ASSERTIONS = NO;
				ENABLE_STRICT_OBJC_MSGSEND = YES;
				ENABLE_USER_SCRIPT_SANDBOXING = YES;
				GCC_C_LANGUAGE_STANDARD = gnu17;
				GCC_NO_COMMON_BLOCKS = YES;
				GCC_WARN_64_TO_32_BIT_CONVERSION = YES;
				GCC_WARN_ABOUT_RETURN_TYPE = YES_ERROR;
				GCC_WARN_UNDECLARED_SELECTOR = YES;
				GCC_WARN_UNINITIALIZED_AUTOS = YES_AGGRESSIVE;
				GCC_WARN_UNUSED_FUNCTION = YES;
				GCC_WARN_UNUSED_VARIABLE = YES;
				LOCALIZATION_PREFERS_STRING_CATALOGS = YES;
				MACOSX_DEPLOYMENT_TARGET = 15.1;
				MTL_ENABLE_DEBUG_INFO = NO;
				MTL_FAST_MATH = YES;
				SDKROOT = macosx;
				SWIFT_COMPILATION_MODE = wholemodule;
			};
			name = Release;
		};
		945556CC2E6487FD00D53154 /* Debug */ = {
			isa = XCBuildConfiguration;
			buildSettings = {
				ASSETCATALOG_COMPILER_APPICON_NAME = AppIcon;
				ASSETCATALOG_COMPILER_GLOBAL_ACCENT_COLOR_NAME = AccentColor;
				CODE_SIGN_ENTITLEMENTS = ChordPlayer/ChordPlayer.entitlements;
				CODE_SIGN_STYLE = Automatic;
				COMBINE_HIDPI_IMAGES = YES;
				CURRENT_PROJECT_VERSION = 1;
								
				DEVELOPMENT_TEAM = F7FHY5UTD4;
				ENABLE_HARDENED_RUNTIME = YES;
				ENABLE_PREVIEWS = YES;
				GENERATE_INFOPLIST_FILE = YES;
				INFOPLIST_KEY_NSHumanReadableCopyright = "";
				LD_RUNPATH_SEARCH_PATHS = (
					"$(inherited)",
					"@executable_path/../Frameworks",
				);
				MARKETING_VERSION = 1.0;
				PRODUCT_BUNDLE_IDENTIFIER = fun.wqiang.ChordPlayer;
				PRODUCT_NAME = "$(TARGET_NAME)";
				SWIFT_EMIT_LOC_STRINGS = YES;
				SWIFT_VERSION = 5.0;
			};
			name = Debug;
		};
		945556CD2E6487FD00D53154 /* Release */ = {
			isa = XCBuildConfiguration;
			buildSettings = {
				ASSETCATALOG_COMPILER_APPICON_NAME = AppIcon;
				ASSETCATALOG_COMPILER_GLOBAL_ACCENT_COLOR_NAME = AccentColor;
				CODE_SIGN_ENTITLEMENTS = ChordPlayer/ChordPlayer.entitlements;
				CODE_SIGN_STYLE = Automatic;
				COMBINE_HIDPI_IMAGES = YES;
				CURRENT_PROJECT_VERSION = 1;
								
				DEVELOPMENT_TEAM = F7FHY5UTD4;
				ENABLE_HARDENED_RUNTIME = YES;
				ENABLE_PREVIEWS = YES;
				GENERATE_INFOPLIST_FILE = YES;
				INFOPLIST_KEY_NSHumanReadableCopyright = "";
				LD_RUNPATH_SEARCH_PATHS = (
					"$(inherited)",
					"@executable_path/../Frameworks",
				);
				MARKETING_VERSION = 1.0;
				PRODUCT_BUNDLE_IDENTIFIER = fun.wqiang.ChordPlayer;
				PRODUCT_NAME = "$(TARGET_NAME)";
				SWIFT_EMIT_LOC_STRINGS = YES;
				SWIFT_VERSION = 5.0;
			};
			name = Release;
		};
		945556CF2E6487FD00D53154 /* Debug */ = {
			isa = XCBuildConfiguration;
			buildSettings = {
				BUNDLE_LOADER = "$(TEST_HOST)";
				CODE_SIGN_STYLE = Automatic;
				CURRENT_PROJECT_VERSION = 1;
				DEVELOPMENT_TEAM = F7FHY5UTD4;
				GENERATE_INFOPLIST_FILE = YES;
				MACOSX_DEPLOYMENT_TARGET = 15.1;
				MARKETING_VERSION = 1.0;
				PRODUCT_BUNDLE_IDENTIFIER = fun.wqiang.ChordPlayerTests;
				PRODUCT_NAME = "$(TARGET_NAME)";
				SWIFT_EMIT_LOC_STRINGS = NO;
				SWIFT_VERSION = 5.0;
				TEST_HOST = "$(BUILT_PRODUCTS_DIR)/ChordPlayer.app/$(BUNDLE_EXECUTABLE_FOLDER_PATH)/ChordPlayer";
			};
			name = Debug;
		};
		945556D02E6487FD00D53154 /* Release */ = {
			isa = XCBuildConfiguration;
			buildSettings = {
				BUNDLE_LOADER = "$(TEST_HOST)";
				CODE_SIGN_STYLE = Automatic;
				CURRENT_PROJECT_VERSION = 1;
				DEVELOPMENT_TEAM = F7FHY5UTD4;
				GENERATE_INFOPLIST_FILE = YES;
				MACOSX_DEPLOYMENT_TARGET = 15.1;
				MARKETING_VERSION = 1.0;
				PRODUCT_BUNDLE_IDENTIFIER = fun.wqiang.ChordPlayerTests;
				PRODUCT_NAME = "$(TARGET_NAME)";
				SWIFT_EMIT_LOC_STRINGS = NO;
				SWIFT_VERSION = 5.0;
				TEST_HOST = "$(BUILT_PRODUCTS_DIR)/ChordPlayer.app/$(BUNDLE_EXECUTABLE_FOLDER_PATH)/ChordPlayer";
			};
			name = Release;
		};
		945556D22E6487FD00D53154 /* Debug */ = {
			isa = XCBuildConfiguration;
			buildSettings = {
				CODE_SIGN_STYLE = Automatic;
				CURRENT_PROJECT_VERSION = 1;
				DEVELOPMENT_TEAM = F7FHY5UTD4;
				GENERATE_INFOPLIST_FILE = YES;
				MARKETING_VERSION = 1.0;
				PRODUCT_BUNDLE_IDENTIFIER = fun.wqiang.ChordPlayerUITests;
				PRODUCT_NAME = "$(TARGET_NAME)";
				SWIFT_EMIT_LOC_STRINGS = NO;
				SWIFT_VERSION = 5.0;
				TEST_TARGET_NAME = ChordPlayer;
			};
			name = Debug;
		};
		945556D32E6487FD00D53154 /* Release */ = {
			isa = XCBuildConfiguration;
			buildSettings = {
				CODE_SIGN_STYLE = Automatic;
				CURRENT_PROJECT_VERSION = 1;
				DEVELOPMENT_TEAM = F7FHY5UTD4;
				GENERATE_INFOPLIST_FILE = YES;
				MARKETING_VERSION = 1.0;
				PRODUCT_BUNDLE_IDENTIFIER = fun.wqiang.ChordPlayerUITests;
				PRODUCT_NAME = "$(TARGET_NAME)";
				SWIFT_EMIT_LOC_STRINGS = NO;
				SWIFT_VERSION = 5.0;
				TEST_TARGET_NAME = ChordPlayer;
			};
			name = Release;
		};
/* End XCBuildConfiguration section */

/* Begin XCConfigurationList section */
		945556A12E6487F900D53154 /* Build configuration list for PBXProject "guitarPlayer" */ = {
			isa = XCConfigurationList;
			buildConfigurations = (
				945556C92E6487FD00D53154 /* Debug */,
				945556CA2E6487FD00D53154 /* Release */,
			);
			defaultConfigurationIsVisible = 0;
			defaultConfigurationName = Release;
		};
		945556CB2E6487FD00D53154 /* Build configuration list for PBXNativeTarget "guitarPlayer" */ = {
			isa = XCConfigurationList;
			buildConfigurations = (
				945556CC2E6487FD00D53154 /* Debug */,
				945556CD2E6487FD00D53154 /* Release */,
			);
			defaultConfigurationIsVisible = 0;
			defaultConfigurationName = Release;
		};
		945556CE2E6487FD00D53154 /* Build configuration list for PBXNativeTarget "guitarPlayerTests" */ = {
			isa = XCConfigurationList;
			buildConfigurations = (
				945556CF2E6487FD00D53154 /* Debug */,
				945556D02E6487FD00D53154 /* Release */,
			);
			defaultConfigurationIsVisible = 0;
			defaultConfigurationName = Release;
		};
		945556D12E6487FD00D53154 /* Build configuration list for PBXNativeTarget "guitarPlayerUITests" */ = {
			isa = XCConfigurationList;
			buildConfigurations = (
				945556D22E6487FD00D53154 /* Debug */,
				945556D32E6487FD00D53154 /* Release */,
			);
			defaultConfigurationIsVisible = 0;
			defaultConfigurationName = Release;
		};
/* End XCConfigurationList section */
	};
	rootObject = 9455569E2E6487F900D53154 /* Project object */;
}
